
Microsoft Visual Studio Solution File, Format Version 12.00
# Visual Studio Version 16
VisualStudioVersion = 16.0.31410.357
MinimumVisualStudioVersion = 10.0.40219.1
Project("{FAE04EC0-301F-11D3-BF4B-00C04F79EFBC}") = "minesweepermilestone1", "minesweepermilestone1\minesweepermilestone1.csproj", "{B1D65220-CE89-4619-BFEE-9B6F5FB85CEF}"
EndProject
Global
	GlobalSection(SolutionConfigurationPlatforms) = preSolution
		Debug|Any CPU = Debug|Any CPU
		Release|Any CPU = Release|Any CPU
	EndGlobalSection
	GlobalSection(ProjectConfigurationPlatforms) = postSolution
		{B1D65220-CE89-4619-BFEE-9B6F5FB85CEF}.Debug|Any CPU.ActiveCfg = Debug|Any CPU
		{B1D65220-CE89-4619-BFEE-9B6F5FB85CEF}.Debug|Any CPU.Build.0 = Debug|Any CPU
		{B1D65220-CE89-4619-BFEE-9B6F5FB85CEF}.Release|Any CPU.ActiveCfg = Release|Any CPU
		{B1D65220-CE89-4619-BFEE-9B6F5FB85CEF}.Release|Any CPU.Build.0 = Release|Any CPU
	EndGlobalSection
	GlobalSection(SolutionProperties) = preSolution
		HideSolutionNode = FALSE
	EndGlobalSection
	GlobalSection(ExtensibilityGlobals) = postSolution
		SolutionGuid = {A5BB0F75-A19E-4996-8BEC-D3D8706FDE63}
	EndGlobalSection
EndGlobal
